
Microsoft Visual Studio Solution File, Format Version 12.00
# Visual Studio Version 16
VisualStudioVersion = 16.0.810.25
MinimumVisualStudioVersion = 10.0.40219.1
Project("{FAE04EC0-301F-11D3-BF4B-00C04F79EFBC}") = "Assembly-CSharp-Editor", "Assembly-CSharp-Editor.csproj", "{59FB5827-4E59-F924-2665-EBE4099CADCD}"
EndProject
Global
	GlobalSection(SolutionConfigurationPlatforms) = preSolution
		Debug|Any CPU = Debug|Any CPU
		Release|Any CPU = Release|Any CPU
	EndGlobalSection
	GlobalSection(ProjectConfigurationPlatforms) = postSolution
		{59FB5827-4E59-F924-2665-EBE4099CADCD}.Debug|Any CPU.ActiveCfg = Debug|Any CPU
		{59FB5827-4E59-F924-2665-EBE4099CADCD}.Debug|Any CPU.Build.0 = Debug|Any CPU
		{59FB5827-4E59-F924-2665-EBE4099CADCD}.Release|Any CPU.ActiveCfg = Release|Any CPU
		{59FB5827-4E59-F924-2665-EBE4099CADCD}.Release|Any CPU.Build.0 = Release|Any CPU
	EndGlobalSection
	GlobalSection(SolutionProperties) = preSolution
		HideSolutionNode = FALSE
	EndGlobalSection
	GlobalSection(ExtensibilityGlobals) = postSolution
		SolutionGuid = {8ACE264E-F9A4-4AF3-86BE-1E4A60E7255A}
	EndGlobalSection
EndGlobal
