
Microsoft Visual Studio Solution File, Format Version 12.00
# Visual Studio 15
Project("{FAE04EC0-301F-11D3-BF4B-00C04F79EFBC}") = "Assembly-CSharp", "Assembly-CSharp.csproj", "{1DD82497-35BD-9724-2C55-45246246D2E8}"
EndProject
Project("{FAE04EC0-301F-11D3-BF4B-00C04F79EFBC}") = "Assembly-CSharp-Editor", "Assembly-CSharp-Editor.csproj", "{B2FF9868-B191-7788-8B50-7E3CFB085197}"
EndProject
Global
	GlobalSection(SolutionConfigurationPlatforms) = preSolution
		Debug|Any CPU = Debug|Any CPU
		Release|Any CPU = Release|Any CPU
	EndGlobalSection
	GlobalSection(ProjectConfigurationPlatforms) = postSolution
		{1DD82497-35BD-9724-2C55-45246246D2E8}.Debug|Any CPU.ActiveCfg = Debug|Any CPU
		{1DD82497-35BD-9724-2C55-45246246D2E8}.Debug|Any CPU.Build.0 = Debug|Any CPU
		{1DD82497-35BD-9724-2C55-45246246D2E8}.Release|Any CPU.ActiveCfg = Release|Any CPU
		{1DD82497-35BD-9724-2C55-45246246D2E8}.Release|Any CPU.Build.0 = Release|Any CPU
		{B2FF9868-B191-7788-8B50-7E3CFB085197}.Debug|Any CPU.ActiveCfg = Debug|Any CPU
		{B2FF9868-B191-7788-8B50-7E3CFB085197}.Debug|Any CPU.Build.0 = Debug|Any CPU
		{B2FF9868-B191-7788-8B50-7E3CFB085197}.Release|Any CPU.ActiveCfg = Release|Any CPU
		{B2FF9868-B191-7788-8B50-7E3CFB085197}.Release|Any CPU.Build.0 = Release|Any CPU
	EndGlobalSection
	GlobalSection(SolutionProperties) = preSolution
		HideSolutionNode = FALSE
	EndGlobalSection
	GlobalSection(MonoDevelopProperties) = preSolution
		StartupItem = Assembly-CSharp.csproj
	EndGlobalSection
EndGlobal
